// !$*UTF8*$!
{
	archiveVersion = 1;
	classes = {
	};
	objectVersion = 50;
	objects = {

/* Begin PBXBuildFile section */
		654397A4222479C60092698A /* DPRequest.m in Sources */ = {isa = PBXBuildFile; fileRef = 654397A0222479C50092698A /* DPRequest.m */; };
		654397A5222479C60092698A /* DPAPI.m in Sources */ = {isa = PBXBuildFile; fileRef = 654397A3222479C60092698A /* DPAPI.m */; };
		65705B742222FFCB008FEDE1 /* SecondPopViewController.m in Sources */ = {isa = PBXBuildFile; fileRef = 65705B722222FFCB008FEDE1 /* SecondPopViewController.m */; };
		65705B752222FFCB008FEDE1 /* SecondPopViewController.xib in Resources */ = {isa = PBXBuildFile; fileRef = 65705B732222FFCB008FEDE1 /* SecondPopViewController.xib */; };
		65705B792223047D008FEDE1 /* CityGroupModel.m in Sources */ = {isa = PBXBuildFile; fileRef = 65705B782223047D008FEDE1 /* CityGroupModel.m */; };
		65705B7D22230870008FEDE1 /* ChangeCityViewController.m in Sources */ = {isa = PBXBuildFile; fileRef = 65705B7B22230870008FEDE1 /* ChangeCityViewController.m */; };
		65705B7E22230870008FEDE1 /* ChangeCityViewController.xib in Resources */ = {isa = PBXBuildFile; fileRef = 65705B7C22230870008FEDE1 /* ChangeCityViewController.xib */; };
		65705B8122231CE9008FEDE1 /* SearchCityResultViewController.m in Sources */ = {isa = PBXBuildFile; fileRef = 65705B8022231CE9008FEDE1 /* SearchCityResultViewController.m */; };
		65705B8522231EA4008FEDE1 /* UIView+AutoLayout.m in Sources */ = {isa = PBXBuildFile; fileRef = 65705B8322231EA4008FEDE1 /* UIView+AutoLayout.m */; };
		65705B88222324EC008FEDE1 /* Cities.m in Sources */ = {isa = PBXBuildFile; fileRef = 65705B87222324EC008FEDE1 /* Cities.m */; };
		65E838482221DDA9001DBD6D /* AppDelegate.m in Sources */ = {isa = PBXBuildFile; fileRef = 65E838472221DDA9001DBD6D /* AppDelegate.m */; };
		65E838502221DDAA001DBD6D /* Assets.xcassets in Resources */ = {isa = PBXBuildFile; fileRef = 65E8384F2221DDAA001DBD6D /* Assets.xcassets */; };
		65E838562221DDAA001DBD6D /* main.m in Sources */ = {isa = PBXBuildFile; fileRef = 65E838552221DDAA001DBD6D /* main.m */; };
		65E8386B2221DFBB001DBD6D /* PopViewController.m in Sources */ = {isa = PBXBuildFile; fileRef = 65E8385D2221DFB9001DBD6D /* PopViewController.m */; };
		65E8386C2221DFBB001DBD6D /* popView.m in Sources */ = {isa = PBXBuildFile; fileRef = 65E8385E2221DFB9001DBD6D /* popView.m */; };
		65E8386D2221DFBB001DBD6D /* NavItem.xib in Resources */ = {isa = PBXBuildFile; fileRef = 65E838602221DFB9001DBD6D /* NavItem.xib */; };
		65E8386E2221DFBB001DBD6D /* popView.xib in Resources */ = {isa = PBXBuildFile; fileRef = 65E838652221DFBA001DBD6D /* popView.xib */; };
		65E8386F2221DFBB001DBD6D /* FirstViewController.m in Sources */ = {isa = PBXBuildFile; fileRef = 65E838662221DFBA001DBD6D /* FirstViewController.m */; };
		65E838702221DFBB001DBD6D /* NavItem.m in Sources */ = {isa = PBXBuildFile; fileRef = 65E838672221DFBA001DBD6D /* NavItem.m */; };
		65E838722221DFBB001DBD6D /* MyNavController.m in Sources */ = {isa = PBXBuildFile; fileRef = 65E8386A2221DFBB001DBD6D /* MyNavController.m */; };
		65E838792221EAD1001DBD6D /* cityGroups.plist in Resources */ = {isa = PBXBuildFile; fileRef = 65E838752221EAD0001DBD6D /* cityGroups.plist */; };
		65E8387A2221EAD1001DBD6D /* categories.plist in Resources */ = {isa = PBXBuildFile; fileRef = 65E838762221EAD0001DBD6D /* categories.plist */; };
		65E8387B2221EAD1001DBD6D /* sorts.plist in Resources */ = {isa = PBXBuildFile; fileRef = 65E838772221EAD1001DBD6D /* sorts.plist */; };
		65E8387C2221EAD1001DBD6D /* cities.plist in Resources */ = {isa = PBXBuildFile; fileRef = 65E838782221EAD1001DBD6D /* cities.plist */; };
		65E838812221EBCE001DBD6D /* CategoryModel.m in Sources */ = {isa = PBXBuildFile; fileRef = 65E838802221EBCE001DBD6D /* CategoryModel.m */; };
/* End PBXBuildFile section */

/* Begin PBXFileReference section */
		6543979F222479C50092698A /* DPAPI.h */ = {isa = PBXFileReference; fileEncoding = 4; lastKnownFileType = sourcecode.c.h; path = DPAPI.h; sourceTree = "<group>"; };
		654397A0222479C50092698A /* DPRequest.m */ = {isa = PBXFileReference; fileEncoding = 4; lastKnownFileType = sourcecode.c.objc; path = DPRequest.m; sourceTree = "<group>"; };
		654397A1222479C50092698A /* DPConstants.h */ = {isa = PBXFileReference; fileEncoding = 4; lastKnownFileType = sourcecode.c.h; path = DPConstants.h; sourceTree = "<group>"; };
		654397A2222479C50092698A /* DPRequest.h */ = {isa = PBXFileReference; fileEncoding = 4; lastKnownFileType = sourcecode.c.h; path = DPRequest.h; sourceTree = "<group>"; };
		654397A3222479C60092698A /* DPAPI.m */ = {isa = PBXFileReference; fileEncoding = 4; lastKnownFileType = sourcecode.c.objc; path = DPAPI.m; sourceTree = "<group>"; };
		65705B712222FFCB008FEDE1 /* SecondPopViewController.h */ = {isa = PBXFileReference; lastKnownFileType = sourcecode.c.h; path = SecondPopViewController.h; sourceTree = "<group>"; };
		65705B722222FFCB008FEDE1 /* SecondPopViewController.m */ = {isa = PBXFileReference; lastKnownFileType = sourcecode.c.objc; path = SecondPopViewController.m; sourceTree = "<group>"; };
		65705B732222FFCB008FEDE1 /* SecondPopViewController.xib */ = {isa = PBXFileReference; lastKnownFileType = file.xib; path = SecondPopViewController.xib; sourceTree = "<group>"; };
		65705B772223047D008FEDE1 /* CityGroupModel.h */ = {isa = PBXFileReference; lastKnownFileType = sourcecode.c.h; path = CityGroupModel.h; sourceTree = "<group>"; };
		65705B782223047D008FEDE1 /* CityGroupModel.m */ = {isa = PBXFileReference; lastKnownFileType = sourcecode.c.objc; path = CityGroupModel.m; sourceTree = "<group>"; };
		65705B7A22230870008FEDE1 /* ChangeCityViewController.h */ = {isa = PBXFileReference; lastKnownFileType = sourcecode.c.h; path = ChangeCityViewController.h; sourceTree = "<group>"; };
		65705B7B22230870008FEDE1 /* ChangeCityViewController.m */ = {isa = PBXFileReference; lastKnownFileType = sourcecode.c.objc; path = ChangeCityViewController.m; sourceTree = "<group>"; };
		65705B7C22230870008FEDE1 /* ChangeCityViewController.xib */ = {isa = PBXFileReference; lastKnownFileType = file.xib; path = ChangeCityViewController.xib; sourceTree = "<group>"; };
		65705B7F22231CE9008FEDE1 /* SearchCityResultViewController.h */ = {isa = PBXFileReference; lastKnownFileType = sourcecode.c.h; path = SearchCityResultViewController.h; sourceTree = "<group>"; };
		65705B8022231CE9008FEDE1 /* SearchCityResultViewController.m */ = {isa = PBXFileReference; lastKnownFileType = sourcecode.c.objc; path = SearchCityResultViewController.m; sourceTree = "<group>"; };
		65705B8322231EA4008FEDE1 /* UIView+AutoLayout.m */ = {isa = PBXFileReference; fileEncoding = 4; lastKnownFileType = sourcecode.c.objc; path = "UIView+AutoLayout.m"; sourceTree = "<group>"; };
		65705B8422231EA4008FEDE1 /* UIView+AutoLayout.h */ = {isa = PBXFileReference; fileEncoding = 4; lastKnownFileType = sourcecode.c.h; path = "UIView+AutoLayout.h"; sourceTree = "<group>"; };
		65705B86222324EC008FEDE1 /* Cities.h */ = {isa = PBXFileReference; lastKnownFileType = sourcecode.c.h; path = Cities.h; sourceTree = "<group>"; };
		65705B87222324EC008FEDE1 /* Cities.m */ = {isa = PBXFileReference; lastKnownFileType = sourcecode.c.objc; path = Cities.m; sourceTree = "<group>"; };
		65E838432221DDA9001DBD6D /* 团购项目.app */ = {isa = PBXFileReference; explicitFileType = wrapper.application; includeInIndex = 0; path = "团购项目.app"; sourceTree = BUILT_PRODUCTS_DIR; };
		65E838462221DDA9001DBD6D /* AppDelegate.h */ = {isa = PBXFileReference; lastKnownFileType = sourcecode.c.h; path = AppDelegate.h; sourceTree = "<group>"; };
		65E838472221DDA9001DBD6D /* AppDelegate.m */ = {isa = PBXFileReference; lastKnownFileType = sourcecode.c.objc; path = AppDelegate.m; sourceTree = "<group>"; };
		65E8384F2221DDAA001DBD6D /* Assets.xcassets */ = {isa = PBXFileReference; lastKnownFileType = folder.assetcatalog; path = Assets.xcassets; sourceTree = "<group>"; };
		65E838542221DDAA001DBD6D /* Info.plist */ = {isa = PBXFileReference; lastKnownFileType = text.plist.xml; path = Info.plist; sourceTree = "<group>"; };
		65E838552221DDAA001DBD6D /* main.m */ = {isa = PBXFileReference; lastKnownFileType = sourcecode.c.objc; path = main.m; sourceTree = "<group>"; };
		65E8385D2221DFB9001DBD6D /* PopViewController.m */ = {isa = PBXFileReference; fileEncoding = 4; lastKnownFileType = sourcecode.c.objc; path = PopViewController.m; sourceTree = "<group>"; };
		65E8385E2221DFB9001DBD6D /* popView.m */ = {isa = PBXFileReference; fileEncoding = 4; lastKnownFileType = sourcecode.c.objc; path = popView.m; sourceTree = "<group>"; };
		65E8385F2221DFB9001DBD6D /* MyNavController.h */ = {isa = PBXFileReference; fileEncoding = 4; lastKnownFileType = sourcecode.c.h; path = MyNavController.h; sourceTree = "<group>"; };
		65E838602221DFB9001DBD6D /* NavItem.xib */ = {isa = PBXFileReference; fileEncoding = 4; lastKnownFileType = file.xib; path = NavItem.xib; sourceTree = "<group>"; };
		65E838612221DFB9001DBD6D /* PopViewController.h */ = {isa = PBXFileReference; fileEncoding = 4; lastKnownFileType = sourcecode.c.h; path = PopViewController.h; sourceTree = "<group>"; };
		65E838622221DFB9001DBD6D /* NavItem.h */ = {isa = PBXFileReference; fileEncoding = 4; lastKnownFileType = sourcecode.c.h; path = NavItem.h; sourceTree = "<group>"; };
		65E838632221DFBA001DBD6D /* FirstViewController.h */ = {isa = PBXFileReference; fileEncoding = 4; lastKnownFileType = sourcecode.c.h; path = FirstViewController.h; sourceTree = "<group>"; };
		65E838652221DFBA001DBD6D /* popView.xib */ = {isa = PBXFileReference; fileEncoding = 4; lastKnownFileType = file.xib; path = popView.xib; sourceTree = "<group>"; };
		65E838662221DFBA001DBD6D /* FirstViewController.m */ = {isa = PBXFileReference; fileEncoding = 4; lastKnownFileType = sourcecode.c.objc; path = FirstViewController.m; sourceTree = "<group>"; };
		65E838672221DFBA001DBD6D /* NavItem.m */ = {isa = PBXFileReference; fileEncoding = 4; lastKnownFileType = sourcecode.c.objc; path = NavItem.m; sourceTree = "<group>"; };
		65E838692221DFBB001DBD6D /* popView.h */ = {isa = PBXFileReference; fileEncoding = 4; lastKnownFileType = sourcecode.c.h; path = popView.h; sourceTree = "<group>"; };
		65E8386A2221DFBB001DBD6D /* MyNavController.m */ = {isa = PBXFileReference; fileEncoding = 4; lastKnownFileType = sourcecode.c.objc; path = MyNavController.m; sourceTree = "<group>"; };
		65E838752221EAD0001DBD6D /* cityGroups.plist */ = {isa = PBXFileReference; fileEncoding = 4; lastKnownFileType = text.plist.xml; path = cityGroups.plist; sourceTree = "<group>"; };
		65E838762221EAD0001DBD6D /* categories.plist */ = {isa = PBXFileReference; fileEncoding = 4; lastKnownFileType = text.plist.xml; path = categories.plist; sourceTree = "<group>"; };
		65E838772221EAD1001DBD6D /* sorts.plist */ = {isa = PBXFileReference; fileEncoding = 4; lastKnownFileType = text.plist.xml; path = sorts.plist; sourceTree = "<group>"; };
		65E838782221EAD1001DBD6D /* cities.plist */ = {isa = PBXFileReference; fileEncoding = 4; lastKnownFileType = text.plist.xml; path = cities.plist; sourceTree = "<group>"; };
		65E8387F2221EBCE001DBD6D /* CategoryModel.h */ = {isa = PBXFileReference; lastKnownFileType = sourcecode.c.h; path = CategoryModel.h; sourceTree = "<group>"; };
		65E838802221EBCE001DBD6D /* CategoryModel.m */ = {isa = PBXFileReference; lastKnownFileType = sourcecode.c.objc; path = CategoryModel.m; sourceTree = "<group>"; };
/* End PBXFileReference section */

/* Begin PBXFrameworksBuildPhase section */
		65E838402221DDA9001DBD6D /* Frameworks */ = {
			isa = PBXFrameworksBuildPhase;
			buildActionMask = 2147483647;
			files = (
			);
			runOnlyForDeploymentPostprocessing = 0;
		};
/* End PBXFrameworksBuildPhase section */

/* Begin PBXGroup section */
		6543979D222479A30092698A /* 3rd */ = {
			isa = PBXGroup;
			children = (
				6543979E222479B50092698A /* dianpingapi */,
			);
			path = 3rd;
			sourceTree = "<group>";
		};
		6543979E222479B50092698A /* dianpingapi */ = {
			isa = PBXGroup;
			children = (
				6543979F222479C50092698A /* DPAPI.h */,
				654397A3222479C60092698A /* DPAPI.m */,
				654397A1222479C50092698A /* DPConstants.h */,
				654397A2222479C50092698A /* DPRequest.h */,
				654397A0222479C50092698A /* DPRequest.m */,
			);
			path = dianpingapi;
			sourceTree = "<group>";
		};
		65705B8222231E54008FEDE1 /* Extension */ = {
			isa = PBXGroup;
			children = (
				65705B8422231EA4008FEDE1 /* UIView+AutoLayout.h */,
				65705B8322231EA4008FEDE1 /* UIView+AutoLayout.m */,
			);
			path = Extension;
			sourceTree = "<group>";
		};
		65E8383A2221DDA9001DBD6D = {
			isa = PBXGroup;
			children = (
				65E838452221DDA9001DBD6D /* 团购项目 */,
				65E838442221DDA9001DBD6D /* Products */,
			);
			sourceTree = "<group>";
		};
		65E838442221DDA9001DBD6D /* Products */ = {
			isa = PBXGroup;
			children = (
				65E838432221DDA9001DBD6D /* 团购项目.app */,
			);
			name = Products;
			sourceTree = "<group>";
		};
		65E838452221DDA9001DBD6D /* 团购项目 */ = {
			isa = PBXGroup;
			children = (
				6543979D222479A30092698A /* 3rd */,
				65705B8222231E54008FEDE1 /* Extension */,
				65E8387E2221EBAD001DBD6D /* Model */,
				65E838742221EA5B001DBD6D /* Controllers */,
				65E838732221EA4A001DBD6D /* Views */,
				65E8385C2221DF2B001DBD6D /* Supporting Files */,
				65E8384F2221DDAA001DBD6D /* Assets.xcassets */,
			);
			path = "团购项目";
			sourceTree = "<group>";
		};
		65E8385C2221DF2B001DBD6D /* Supporting Files */ = {
			isa = PBXGroup;
			children = (
				65E8387D2221EADB001DBD6D /* PlistData */,
				65E838462221DDA9001DBD6D /* AppDelegate.h */,
				65E838472221DDA9001DBD6D /* AppDelegate.m */,
				65E838542221DDAA001DBD6D /* Info.plist */,
				65E838552221DDAA001DBD6D /* main.m */,
			);
			path = "Supporting Files";
			sourceTree = "<group>";
		};
		65E838732221EA4A001DBD6D /* Views */ = {
			isa = PBXGroup;
			children = (
				65E838622221DFB9001DBD6D /* NavItem.h */,
				65E838672221DFBA001DBD6D /* NavItem.m */,
				65E838602221DFB9001DBD6D /* NavItem.xib */,
				65E838692221DFBB001DBD6D /* popView.h */,
				65E8385E2221DFB9001DBD6D /* popView.m */,
				65E838652221DFBA001DBD6D /* popView.xib */,
			);
			path = Views;
			sourceTree = "<group>";
		};
		65E838742221EA5B001DBD6D /* Controllers */ = {
			isa = PBXGroup;
			children = (
				65E838632221DFBA001DBD6D /* FirstViewController.h */,
				65E838662221DFBA001DBD6D /* FirstViewController.m */,
				65E8385F2221DFB9001DBD6D /* MyNavController.h */,
				65E8386A2221DFBB001DBD6D /* MyNavController.m */,
				65E838612221DFB9001DBD6D /* PopViewController.h */,
				65E8385D2221DFB9001DBD6D /* PopViewController.m */,
				65705B712222FFCB008FEDE1 /* SecondPopViewController.h */,
				65705B722222FFCB008FEDE1 /* SecondPopViewController.m */,
				65705B732222FFCB008FEDE1 /* SecondPopViewController.xib */,
				65705B7A22230870008FEDE1 /* ChangeCityViewController.h */,
				65705B7B22230870008FEDE1 /* ChangeCityViewController.m */,
				65705B7C22230870008FEDE1 /* ChangeCityViewController.xib */,
				65705B7F22231CE9008FEDE1 /* SearchCityResultViewController.h */,
				65705B8022231CE9008FEDE1 /* SearchCityResultViewController.m */,
			);
			path = Controllers;
			sourceTree = "<group>";
		};
		65E8387D2221EADB001DBD6D /* PlistData */ = {
			isa = PBXGroup;
			children = (
				65E838762221EAD0001DBD6D /* categories.plist */,
				65E838782221EAD1001DBD6D /* cities.plist */,
				65E838752221EAD0001DBD6D /* cityGroups.plist */,
				65E838772221EAD1001DBD6D /* sorts.plist */,
			);
			path = PlistData;
			sourceTree = "<group>";
		};
		65E8387E2221EBAD001DBD6D /* Model */ = {
			isa = PBXGroup;
			children = (
				65E8387F2221EBCE001DBD6D /* CategoryModel.h */,
				65E838802221EBCE001DBD6D /* CategoryModel.m */,
				65705B772223047D008FEDE1 /* CityGroupModel.h */,
				65705B782223047D008FEDE1 /* CityGroupModel.m */,
				65705B86222324EC008FEDE1 /* Cities.h */,
				65705B87222324EC008FEDE1 /* Cities.m */,
			);
			path = Model;
			sourceTree = "<group>";
		};
/* End PBXGroup section */

/* Begin PBXNativeTarget section */
		65E838422221DDA9001DBD6D /* 团购项目 */ = {
			isa = PBXNativeTarget;
			buildConfigurationList = 65E838592221DDAA001DBD6D /* Build configuration list for PBXNativeTarget "团购项目" */;
			buildPhases = (
				65E8383F2221DDA9001DBD6D /* Sources */,
				65E838402221DDA9001DBD6D /* Frameworks */,
				65E838412221DDA9001DBD6D /* Resources */,
			);
			buildRules = (
			);
			dependencies = (
			);
			name = "团购项目";
			productName = "团购项目";
			productReference = 65E838432221DDA9001DBD6D /* 团购项目.app */;
			productType = "com.apple.product-type.application";
		};
/* End PBXNativeTarget section */

/* Begin PBXProject section */
		65E8383B2221DDA9001DBD6D /* Project object */ = {
			isa = PBXProject;
			attributes = {
				LastUpgradeCheck = 1010;
				ORGANIZATIONNAME = "Yi Zhang";
				TargetAttributes = {
					65E838422221DDA9001DBD6D = {
						CreatedOnToolsVersion = 10.1;
					};
				};
			};
			buildConfigurationList = 65E8383E2221DDA9001DBD6D /* Build configuration list for PBXProject "团购项目" */;
			compatibilityVersion = "Xcode 9.3";
			developmentRegion = en;
			hasScannedForEncodings = 0;
			knownRegions = (
				en,
				Base,
			);
			mainGroup = 65E8383A2221DDA9001DBD6D;
			productRefGroup = 65E838442221DDA9001DBD6D /* Products */;
			projectDirPath = "";
			projectRoot = "";
			targets = (
				65E838422221DDA9001DBD6D /* 团购项目 */,
			);
		};
/* End PBXProject section */

/* Begin PBXResourcesBuildPhase section */
		65E838412221DDA9001DBD6D /* Resources */ = {
			isa = PBXResourcesBuildPhase;
			buildActionMask = 2147483647;
			files = (
				65E8387B2221EAD1001DBD6D /* sorts.plist in Resources */,
				65E8387C2221EAD1001DBD6D /* cities.plist in Resources */,
				65E8386D2221DFBB001DBD6D /* NavItem.xib in Resources */,
				65E838502221DDAA001DBD6D /* Assets.xcassets in Resources */,
				65E8386E2221DFBB001DBD6D /* popView.xib in Resources */,
				65E8387A2221EAD1001DBD6D /* categories.plist in Resources */,
				65705B752222FFCB008FEDE1 /* SecondPopViewController.xib in Resources */,
				65E838792221EAD1001DBD6D /* cityGroups.plist in Resources */,
				65705B7E22230870008FEDE1 /* ChangeCityViewController.xib in Resources */,
			);
			runOnlyForDeploymentPostprocessing = 0;
		};
/* End PBXResourcesBuildPhase section */

/* Begin PBXSourcesBuildPhase section */
		65E8383F2221DDA9001DBD6D /* Sources */ = {
			isa = PBXSourcesBuildPhase;
			buildActionMask = 2147483647;
			files = (
				654397A5222479C60092698A /* DPAPI.m in Sources */,
				65E8386B2221DFBB001DBD6D /* PopViewController.m in Sources */,
				65E838812221EBCE001DBD6D /* CategoryModel.m in Sources */,
				65705B88222324EC008FEDE1 /* Cities.m in Sources */,
				65705B7D22230870008FEDE1 /* ChangeCityViewController.m in Sources */,
				65E838562221DDAA001DBD6D /* main.m in Sources */,
				65E838702221DFBB001DBD6D /* NavItem.m in Sources */,
				65705B8522231EA4008FEDE1 /* UIView+AutoLayout.m in Sources */,
				65E838722221DFBB001DBD6D /* MyNavController.m in Sources */,
				65E8386F2221DFBB001DBD6D /* FirstViewController.m in Sources */,
				65E8386C2221DFBB001DBD6D /* popView.m in Sources */,
				654397A4222479C60092698A /* DPRequest.m in Sources */,
				65705B8122231CE9008FEDE1 /* SearchCityResultViewController.m in Sources */,
				65E838482221DDA9001DBD6D /* AppDelegate.m in Sources */,
				65705B792223047D008FEDE1 /* CityGroupModel.m in Sources */,
				65705B742222FFCB008FEDE1 /* SecondPopViewController.m in Sources */,
			);
			runOnlyForDeploymentPostprocessing = 0;
		};
/* End PBXSourcesBuildPhase section */

/* Begin XCBuildConfiguration section */
		65E838572221DDAA001DBD6D /* Debug */ = {
			isa = XCBuildConfiguration;
			buildSettings = {
				ALWAYS_SEARCH_USER_PATHS = NO;
				CLANG_ANALYZER_NONNULL = YES;
				CLANG_ANALYZER_NUMBER_OBJECT_CONVERSION = YES_AGGRESSIVE;
				CLANG_CXX_LANGUAGE_STANDARD = "gnu++14";
				CLANG_CXX_LIBRARY = "libc++";
				CLANG_ENABLE_MODULES = YES;
				CLANG_ENABLE_OBJC_ARC = YES;
				CLANG_ENABLE_OBJC_WEAK = YES;
				CLANG_WARN_BLOCK_CAPTURE_AUTORELEASING = YES;
				CLANG_WARN_BOOL_CONVERSION = YES;
				CLANG_WARN_COMMA = YES;
				CLANG_WARN_CONSTANT_CONVERSION = YES;
				CLANG_WARN_DEPRECATED_OBJC_IMPLEMENTATIONS = YES;
				CLANG_WARN_DIRECT_OBJC_ISA_USAGE = YES_ERROR;
				CLANG_WARN_DOCUMENTATION_COMMENTS = YES;
				CLANG_WARN_EMPTY_BODY = YES;
				CLANG_WARN_ENUM_CONVERSION = YES;
				CLANG_WARN_INFINITE_RECURSION = YES;
				CLANG_WARN_INT_CONVERSION = YES;
				CLANG_WARN_NON_LITERAL_NULL_CONVERSION = YES;
				CLANG_WARN_OBJC_IMPLICIT_RETAIN_SELF = YES;
				CLANG_WARN_OBJC_LITERAL_CONVERSION = YES;
				CLANG_WARN_OBJC_ROOT_CLASS = YES_ERROR;
				CLANG_WARN_RANGE_LOOP_ANALYSIS = YES;
				CLANG_WARN_STRICT_PROTOTYPES = YES;
				CLANG_WARN_SUSPICIOUS_MOVE = YES;
				CLANG_WARN_UNGUARDED_AVAILABILITY = YES_AGGRESSIVE;
				CLANG_WARN_UNREACHABLE_CODE = YES;
				CLANG_WARN__DUPLICATE_METHOD_MATCH = YES;
				CODE_SIGN_IDENTITY = "iPhone Developer";
				COPY_PHASE_STRIP = NO;
				DEBUG_INFORMATION_FORMAT = dwarf;
				ENABLE_STRICT_OBJC_MSGSEND = YES;
				ENABLE_TESTABILITY = YES;
				GCC_C_LANGUAGE_STANDARD = gnu11;
				GCC_DYNAMIC_NO_PIC = NO;
				GCC_NO_COMMON_BLOCKS = YES;
				GCC_OPTIMIZATION_LEVEL = 0;
				GCC_PREPROCESSOR_DEFINITIONS = (
					"DEBUG=1",
					"$(inherited)",
				);
				GCC_WARN_64_TO_32_BIT_CONVERSION = YES;
				GCC_WARN_ABOUT_RETURN_TYPE = YES_ERROR;
				GCC_WARN_UNDECLARED_SELECTOR = YES;
				GCC_WARN_UNINITIALIZED_AUTOS = YES_AGGRESSIVE;
				GCC_WARN_UNUSED_FUNCTION = YES;
				GCC_WARN_UNUSED_VARIABLE = YES;
				IPHONEOS_DEPLOYMENT_TARGET = 12.1;
				MTL_ENABLE_DEBUG_INFO = INCLUDE_SOURCE;
				MTL_FAST_MATH = YES;
				ONLY_ACTIVE_ARCH = YES;
				SDKROOT = iphoneos;
			};
			name = Debug;
		};
		65E838582221DDAA001DBD6D /* Release */ = {
			isa = XCBuildConfiguration;
			buildSettings = {
				ALWAYS_SEARCH_USER_PATHS = NO;
				CLANG_ANALYZER_NONNULL = YES;
				CLANG_ANALYZER_NUMBER_OBJECT_CONVERSION = YES_AGGRESSIVE;
				CLANG_CXX_LANGUAGE_STANDARD = "gnu++14";
				CLANG_CXX_LIBRARY = "libc++";
				CLANG_ENABLE_MODULES = YES;
				CLANG_ENABLE_OBJC_ARC = YES;
				CLANG_ENABLE_OBJC_WEAK = YES;
				CLANG_WARN_BLOCK_CAPTURE_AUTORELEASING = YES;
				CLANG_WARN_BOOL_CONVERSION = YES;
				CLANG_WARN_COMMA = YES;
				CLANG_WARN_CONSTANT_CONVERSION = YES;
				CLANG_WARN_DEPRECATED_OBJC_IMPLEMENTATIONS = YES;
				CLANG_WARN_DIRECT_OBJC_ISA_USAGE = YES_ERROR;
				CLANG_WARN_DOCUMENTATION_COMMENTS = YES;
				CLANG_WARN_EMPTY_BODY = YES;
				CLANG_WARN_ENUM_CONVERSION = YES;
				CLANG_WARN_INFINITE_RECURSION = YES;
				CLANG_WARN_INT_CONVERSION = YES;
				CLANG_WARN_NON_LITERAL_NULL_CONVERSION = YES;
				CLANG_WARN_OBJC_IMPLICIT_RETAIN_SELF = YES;
				CLANG_WARN_OBJC_LITERAL_CONVERSION = YES;
				CLANG_WARN_OBJC_ROOT_CLASS = YES_ERROR;
				CLANG_WARN_RANGE_LOOP_ANALYSIS = YES;
				CLANG_WARN_STRICT_PROTOTYPES = YES;
				CLANG_WARN_SUSPICIOUS_MOVE = YES;
				CLANG_WARN_UNGUARDED_AVAILABILITY = YES_AGGRESSIVE;
				CLANG_WARN_UNREACHABLE_CODE = YES;
				CLANG_WARN__DUPLICATE_METHOD_MATCH = YES;
				CODE_SIGN_IDENTITY = "iPhone Developer";
				COPY_PHASE_STRIP = NO;
				DEBUG_INFORMATION_FORMAT = "dwarf-with-dsym";
				ENABLE_NS_ASSERTIONS = NO;
				ENABLE_STRICT_OBJC_MSGSEND = YES;
				GCC_C_LANGUAGE_STANDARD = gnu11;
				GCC_NO_COMMON_BLOCKS = YES;
				GCC_WARN_64_TO_32_BIT_CONVERSION = YES;
				GCC_WARN_ABOUT_RETURN_TYPE = YES_ERROR;
				GCC_WARN_UNDECLARED_SELECTOR = YES;
				GCC_WARN_UNINITIALIZED_AUTOS = YES_AGGRESSIVE;
				GCC_WARN_UNUSED_FUNCTION = YES;
				GCC_WARN_UNUSED_VARIABLE = YES;
				IPHONEOS_DEPLOYMENT_TARGET = 12.1;
				MTL_ENABLE_DEBUG_INFO = NO;
				MTL_FAST_MATH = YES;
				SDKROOT = iphoneos;
				VALIDATE_PRODUCT = YES;
			};
			name = Release;
		};
		65E8385A2221DDAA001DBD6D /* Debug */ = {
			isa = XCBuildConfiguration;
			buildSettings = {
				ASSETCATALOG_COMPILER_APPICON_NAME = AppIcon;
				ASSETCATALOG_COMPILER_LAUNCHIMAGE_NAME = LaunchImage;
				CODE_SIGN_STYLE = Automatic;
				DEVELOPMENT_TEAM = 9QD6S4Z76L;
				INFOPLIST_FILE = "团购项目/Supporting Files/Info.plist";
				LD_RUNPATH_SEARCH_PATHS = (
					"$(inherited)",
					"@executable_path/Frameworks",
				);
				PRODUCT_BUNDLE_IDENTIFIER = "Yi.----";
				PRODUCT_NAME = "$(TARGET_NAME)";
				TARGETED_DEVICE_FAMILY = 2;
			};
			name = Debug;
		};
		65E8385B2221DDAA001DBD6D /* Release */ = {
			isa = XCBuildConfiguration;
			buildSettings = {
				ASSETCATALOG_COMPILER_APPICON_NAME = AppIcon;
				ASSETCATALOG_COMPILER_LAUNCHIMAGE_NAME = LaunchImage;
				CODE_SIGN_STYLE = Automatic;
				DEVELOPMENT_TEAM = 9QD6S4Z76L;
				INFOPLIST_FILE = "团购项目/Supporting Files/Info.plist";
				LD_RUNPATH_SEARCH_PATHS = (
					"$(inherited)",
					"@executable_path/Frameworks",
				);
				PRODUCT_BUNDLE_IDENTIFIER = "Yi.----";
				PRODUCT_NAME = "$(TARGET_NAME)";
				TARGETED_DEVICE_FAMILY = 2;
			};
			name = Release;
		};
/* End XCBuildConfiguration section */

/* Begin XCConfigurationList section */
		65E8383E2221DDA9001DBD6D /* Build configuration list for PBXProject "团购项目" */ = {
			isa = XCConfigurationList;
			buildConfigurations = (
				65E838572221DDAA001DBD6D /* Debug */,
				65E838582221DDAA001DBD6D /* Release */,
			);
			defaultConfigurationIsVisible = 0;
			defaultConfigurationName = Release;
		};
		65E838592221DDAA001DBD6D /* Build configuration list for PBXNativeTarget "团购项目" */ = {
			isa = XCConfigurationList;
			buildConfigurations = (
				65E8385A2221DDAA001DBD6D /* Debug */,
				65E8385B2221DDAA001DBD6D /* Release */,
			);
			defaultConfigurationIsVisible = 0;
			defaultConfigurationName = Release;
		};
/* End XCConfigurationList section */
	};
	rootObject = 65E8383B2221DDA9001DBD6D /* Project object */;
}
